// !$*UTF8*$!
{
	archiveVersion = 1;
	classes = {
	};
	objectVersion = 50;
	objects = {

/* Begin PBXBuildFile section */
		8A7E3CC62515B9FE00A7C58C /* AppDelegate.m in Sources */ = {isa = PBXBuildFile; fileRef = 8A7E3CC52515B9FE00A7C58C /* AppDelegate.m */; };
		8A7E3CD12515B9FF00A7C58C /* Assets.xcassets in Resources */ = {isa = PBXBuildFile; fileRef = 8A7E3CD02515B9FF00A7C58C /* Assets.xcassets */; };
		8A7E3CD42515B9FF00A7C58C /* LaunchScreen.storyboard in Resources */ = {isa = PBXBuildFile; fileRef = 8A7E3CD22515B9FF00A7C58C /* LaunchScreen.storyboard */; };
		8A7E3CD72515B9FF00A7C58C /* main.m in Sources */ = {isa = PBXBuildFile; fileRef = 8A7E3CD62515B9FF00A7C58C /* main.m */; };
		8A7E3CE12515BA3700A7C58C /* TianMuBaseViewController.m in Sources */ = {isa = PBXBuildFile; fileRef = 8A7E3CE02515BA3700A7C58C /* TianMuBaseViewController.m */; };
		8A7E3CE52515BA5200A7C58C /* TianMuMainViewController.m in Sources */ = {isa = PBXBuildFile; fileRef = 8A7E3CE42515BA5200A7C58C /* TianMuMainViewController.m */; };
		8A7E3CE92515BA9800A7C58C /* TianMuMain1ViewController.m in Sources */ = {isa = PBXBuildFile; fileRef = 8A7E3CE82515BA9800A7C58C /* TianMuMain1ViewController.m */; };
		8A7E3CED2515BAA500A7C58C /* TianMuMain2ViewController.m in Sources */ = {isa = PBXBuildFile; fileRef = 8A7E3CEC2515BAA500A7C58C /* TianMuMain2ViewController.m */; };
		8A7E3CF12515BAB400A7C58C /* TianMuMain3ViewController.m in Sources */ = {isa = PBXBuildFile; fileRef = 8A7E3CF02515BAB400A7C58C /* TianMuMain3ViewController.m */; };
		8A7E3CFE2515BEA300A7C58C /* TianMuBase1ViewController.m in Sources */ = {isa = PBXBuildFile; fileRef = 8A7E3CFD2515BEA300A7C58C /* TianMuBase1ViewController.m */; };
		8A7E3D062515C9B000A7C58C /* TianMuiOS14BugFix.m in Sources */ = {isa = PBXBuildFile; fileRef = 8A7E3D052515C9B000A7C58C /* TianMuiOS14BugFix.m */; };
/* End PBXBuildFile section */

/* Begin PBXFileReference section */
		8A7E3CC12515B9FE00A7C58C /* iOSTest.app */ = {isa = PBXFileReference; explicitFileType = wrapper.application; includeInIndex = 0; path = iOSTest.app; sourceTree = BUILT_PRODUCTS_DIR; };
		8A7E3CC42515B9FE00A7C58C /* AppDelegate.h */ = {isa = PBXFileReference; lastKnownFileType = sourcecode.c.h; path = AppDelegate.h; sourceTree = "<group>"; };
		8A7E3CC52515B9FE00A7C58C /* AppDelegate.m */ = {isa = PBXFileReference; lastKnownFileType = sourcecode.c.objc; path = AppDelegate.m; sourceTree = "<group>"; };
		8A7E3CD02515B9FF00A7C58C /* Assets.xcassets */ = {isa = PBXFileReference; lastKnownFileType = folder.assetcatalog; path = Assets.xcassets; sourceTree = "<group>"; };
		8A7E3CD32515B9FF00A7C58C /* Base */ = {isa = PBXFileReference; lastKnownFileType = file.storyboard; name = Base; path = Base.lproj/LaunchScreen.storyboard; sourceTree = "<group>"; };
		8A7E3CD52515B9FF00A7C58C /* Info.plist */ = {isa = PBXFileReference; lastKnownFileType = text.plist.xml; path = Info.plist; sourceTree = "<group>"; };
		8A7E3CD62515B9FF00A7C58C /* main.m */ = {isa = PBXFileReference; lastKnownFileType = sourcecode.c.objc; path = main.m; sourceTree = "<group>"; };
		8A7E3CDF2515BA3700A7C58C /* TianMuBaseViewController.h */ = {isa = PBXFileReference; lastKnownFileType = sourcecode.c.h; path = TianMuBaseViewController.h; sourceTree = "<group>"; };
		8A7E3CE02515BA3700A7C58C /* TianMuBaseViewController.m */ = {isa = PBXFileReference; lastKnownFileType = sourcecode.c.objc; path = TianMuBaseViewController.m; sourceTree = "<group>"; };
		8A7E3CE32515BA5200A7C58C /* TianMuMainViewController.h */ = {isa = PBXFileReference; lastKnownFileType = sourcecode.c.h; path = TianMuMainViewController.h; sourceTree = "<group>"; };
		8A7E3CE42515BA5200A7C58C /* TianMuMainViewController.m */ = {isa = PBXFileReference; lastKnownFileType = sourcecode.c.objc; path = TianMuMainViewController.m; sourceTree = "<group>"; };
		8A7E3CE72515BA9800A7C58C /* TianMuMain1ViewController.h */ = {isa = PBXFileReference; lastKnownFileType = sourcecode.c.h; path = TianMuMain1ViewController.h; sourceTree = "<group>"; };
		8A7E3CE82515BA9800A7C58C /* TianMuMain1ViewController.m */ = {isa = PBXFileReference; lastKnownFileType = sourcecode.c.objc; path = TianMuMain1ViewController.m; sourceTree = "<group>"; };
		8A7E3CEB2515BAA500A7C58C /* TianMuMain2ViewController.h */ = {isa = PBXFileReference; lastKnownFileType = sourcecode.c.h; path = TianMuMain2ViewController.h; sourceTree = "<group>"; };
		8A7E3CEC2515BAA500A7C58C /* TianMuMain2ViewController.m */ = {isa = PBXFileReference; lastKnownFileType = sourcecode.c.objc; path = TianMuMain2ViewController.m; sourceTree = "<group>"; };
		8A7E3CEF2515BAB400A7C58C /* TianMuMain3ViewController.h */ = {isa = PBXFileReference; lastKnownFileType = sourcecode.c.h; path = TianMuMain3ViewController.h; sourceTree = "<group>"; };
		8A7E3CF02515BAB400A7C58C /* TianMuMain3ViewController.m */ = {isa = PBXFileReference; lastKnownFileType = sourcecode.c.objc; path = TianMuMain3ViewController.m; sourceTree = "<group>"; };
		8A7E3CFC2515BEA300A7C58C /* TianMuBase1ViewController.h */ = {isa = PBXFileReference; lastKnownFileType = sourcecode.c.h; path = TianMuBase1ViewController.h; sourceTree = "<group>"; };
		8A7E3CFD2515BEA300A7C58C /* TianMuBase1ViewController.m */ = {isa = PBXFileReference; lastKnownFileType = sourcecode.c.objc; path = TianMuBase1ViewController.m; sourceTree = "<group>"; };
		8A7E3D052515C9B000A7C58C /* TianMuiOS14BugFix.m */ = {isa = PBXFileReference; lastKnownFileType = sourcecode.c.objc; path = TianMuiOS14BugFix.m; sourceTree = "<group>"; };
/* End PBXFileReference section */

/* Begin PBXFrameworksBuildPhase section */
		8A7E3CBE2515B9FE00A7C58C /* Frameworks */ = {
			isa = PBXFrameworksBuildPhase;
			buildActionMask = 2147483647;
			files = (
			);
			runOnlyForDeploymentPostprocessing = 0;
		};
/* End PBXFrameworksBuildPhase section */

/* Begin PBXGroup section */
		8A7E3CB82515B9FE00A7C58C = {
			isa = PBXGroup;
			children = (
				8A7E3CC32515B9FE00A7C58C /* iOSTest */,
				8A7E3CC22515B9FE00A7C58C /* Products */,
			);
			sourceTree = "<group>";
		};
		8A7E3CC22515B9FE00A7C58C /* Products */ = {
			isa = PBXGroup;
			children = (
				8A7E3CC12515B9FE00A7C58C /* iOSTest.app */,
			);
			name = Products;
			sourceTree = "<group>";
		};
		8A7E3CC32515B9FE00A7C58C /* iOSTest */ = {
			isa = PBXGroup;
			children = (
				8A7E3CC42515B9FE00A7C58C /* AppDelegate.h */,
				8A7E3CC52515B9FE00A7C58C /* AppDelegate.m */,
				8A7E3CD02515B9FF00A7C58C /* Assets.xcassets */,
				8A7E3CD22515B9FF00A7C58C /* LaunchScreen.storyboard */,
				8A7E3CD52515B9FF00A7C58C /* Info.plist */,
				8A7E3CD62515B9FF00A7C58C /* main.m */,
				8A7E3CDF2515BA3700A7C58C /* TianMuBaseViewController.h */,
				8A7E3CE02515BA3700A7C58C /* TianMuBaseViewController.m */,
				8A7E3CE32515BA5200A7C58C /* TianMuMainViewController.h */,
				8A7E3CE42515BA5200A7C58C /* TianMuMainViewController.m */,
				8A7E3CE72515BA9800A7C58C /* TianMuMain1ViewController.h */,
				8A7E3CE82515BA9800A7C58C /* TianMuMain1ViewController.m */,
				8A7E3CEB2515BAA500A7C58C /* TianMuMain2ViewController.h */,
				8A7E3CEC2515BAA500A7C58C /* TianMuMain2ViewController.m */,
				8A7E3CEF2515BAB400A7C58C /* TianMuMain3ViewController.h */,
				8A7E3CF02515BAB400A7C58C /* TianMuMain3ViewController.m */,
				8A7E3CFC2515BEA300A7C58C /* TianMuBase1ViewController.h */,
				8A7E3CFD2515BEA300A7C58C /* TianMuBase1ViewController.m */,
				8A7E3D052515C9B000A7C58C /* TianMuiOS14BugFix.m */,
			);
			path = iOSTest;
			sourceTree = "<group>";
		};
/* End PBXGroup section */

/* Begin PBXNativeTarget section */
		8A7E3CC02515B9FE00A7C58C /* iOSTest */ = {
			isa = PBXNativeTarget;
			buildConfigurationList = 8A7E3CDA2515B9FF00A7C58C /* Build configuration list for PBXNativeTarget "iOSTest" */;
			buildPhases = (
				8A7E3CBD2515B9FE00A7C58C /* Sources */,
				8A7E3CBE2515B9FE00A7C58C /* Frameworks */,
				8A7E3CBF2515B9FE00A7C58C /* Resources */,
			);
			buildRules = (
			);
			dependencies = (
			);
			name = iOSTest;
			productName = iOSTest;
			productReference = 8A7E3CC12515B9FE00A7C58C /* iOSTest.app */;
			productType = "com.apple.product-type.application";
		};
/* End PBXNativeTarget section */

/* Begin PBXProject section */
		8A7E3CB92515B9FE00A7C58C /* Project object */ = {
			isa = PBXProject;
			attributes = {
				LastUpgradeCheck = 1200;
				TargetAttributes = {
					8A7E3CC02515B9FE00A7C58C = {
						CreatedOnToolsVersion = 12.0;
					};
				};
			};
			buildConfigurationList = 8A7E3CBC2515B9FE00A7C58C /* Build configuration list for PBXProject "iOSTest" */;
			compatibilityVersion = "Xcode 9.3";
			developmentRegion = en;
			hasScannedForEncodings = 0;
			knownRegions = (
				en,
				Base,
			);
			mainGroup = 8A7E3CB82515B9FE00A7C58C;
			productRefGroup = 8A7E3CC22515B9FE00A7C58C /* Products */;
			projectDirPath = "";
			projectRoot = "";
			targets = (
				8A7E3CC02515B9FE00A7C58C /* iOSTest */,
			);
		};
/* End PBXProject section */

/* Begin PBXResourcesBuildPhase section */
		8A7E3CBF2515B9FE00A7C58C /* Resources */ = {
			isa = PBXResourcesBuildPhase;
			buildActionMask = 2147483647;
			files = (
				8A7E3CD42515B9FF00A7C58C /* LaunchScreen.storyboard in Resources */,
				8A7E3CD12515B9FF00A7C58C /* Assets.xcassets in Resources */,
			);
			runOnlyForDeploymentPostprocessing = 0;
		};
/* End PBXResourcesBuildPhase section */

/* Begin PBXSourcesBuildPhase section */
		8A7E3CBD2515B9FE00A7C58C /* Sources */ = {
			isa = PBXSourcesBuildPhase;
			buildActionMask = 2147483647;
			files = (
				8A7E3CE52515BA5200A7C58C /* TianMuMainViewController.m in Sources */,
				8A7E3CED2515BAA500A7C58C /* TianMuMain2ViewController.m in Sources */,
				8A7E3CC62515B9FE00A7C58C /* AppDelegate.m in Sources */,
				8A7E3CE12515BA3700A7C58C /* TianMuBaseViewController.m in Sources */,
				8A7E3CE92515BA9800A7C58C /* TianMuMain1ViewController.m in Sources */,
				8A7E3D062515C9B000A7C58C /* TianMuiOS14BugFix.m in Sources */,
				8A7E3CD72515B9FF00A7C58C /* main.m in Sources */,
				8A7E3CF12515BAB400A7C58C /* TianMuMain3ViewController.m in Sources */,
				8A7E3CFE2515BEA300A7C58C /* TianMuBase1ViewController.m in Sources */,
			);
			runOnlyForDeploymentPostprocessing = 0;
		};
/* End PBXSourcesBuildPhase section */

/* Begin PBXVariantGroup section */
		8A7E3CD22515B9FF00A7C58C /* LaunchScreen.storyboard */ = {
			isa = PBXVariantGroup;
			children = (
				8A7E3CD32515B9FF00A7C58C /* Base */,
			);
			name = LaunchScreen.storyboard;
			sourceTree = "<group>";
		};
/* End PBXVariantGroup section */

/* Begin XCBuildConfiguration section */
		8A7E3CD82515B9FF00A7C58C /* Debug */ = {
			isa = XCBuildConfiguration;
			buildSettings = {
				ALWAYS_SEARCH_USER_PATHS = NO;
				CLANG_ANALYZER_NONNULL = YES;
				CLANG_ANALYZER_NUMBER_OBJECT_CONVERSION = YES_AGGRESSIVE;
				CLANG_CXX_LANGUAGE_STANDARD = "gnu++14";
				CLANG_CXX_LIBRARY = "libc++";
				CLANG_ENABLE_MODULES = YES;
				CLANG_ENABLE_OBJC_ARC = YES;
				CLANG_ENABLE_OBJC_WEAK = YES;
				CLANG_WARN_BLOCK_CAPTURE_AUTORELEASING = YES;
				CLANG_WARN_BOOL_CONVERSION = YES;
				CLANG_WARN_COMMA = YES;
				CLANG_WARN_CONSTANT_CONVERSION = YES;
				CLANG_WARN_DEPRECATED_OBJC_IMPLEMENTATIONS = YES;
				CLANG_WARN_DIRECT_OBJC_ISA_USAGE = YES_ERROR;
				CLANG_WARN_DOCUMENTATION_COMMENTS = YES;
				CLANG_WARN_EMPTY_BODY = YES;
				CLANG_WARN_ENUM_CONVERSION = YES;
				CLANG_WARN_INFINITE_RECURSION = YES;
				CLANG_WARN_INT_CONVERSION = YES;
				CLANG_WARN_NON_LITERAL_NULL_CONVERSION = YES;
				CLANG_WARN_OBJC_IMPLICIT_RETAIN_SELF = YES;
				CLANG_WARN_OBJC_LITERAL_CONVERSION = YES;
				CLANG_WARN_OBJC_ROOT_CLASS = YES_ERROR;
				CLANG_WARN_QUOTED_INCLUDE_IN_FRAMEWORK_HEADER = YES;
				CLANG_WARN_RANGE_LOOP_ANALYSIS = YES;
				CLANG_WARN_STRICT_PROTOTYPES = YES;
				CLANG_WARN_SUSPICIOUS_MOVE = YES;
				CLANG_WARN_UNGUARDED_AVAILABILITY = YES_AGGRESSIVE;
				CLANG_WARN_UNREACHABLE_CODE = YES;
				CLANG_WARN__DUPLICATE_METHOD_MATCH = YES;
				COPY_PHASE_STRIP = NO;
				DEBUG_INFORMATION_FORMAT = dwarf;
				ENABLE_STRICT_OBJC_MSGSEND = YES;
				ENABLE_TESTABILITY = YES;
				GCC_C_LANGUAGE_STANDARD = gnu11;
				GCC_DYNAMIC_NO_PIC = NO;
				GCC_NO_COMMON_BLOCKS = YES;
				GCC_OPTIMIZATION_LEVEL = 0;
				GCC_PREPROCESSOR_DEFINITIONS = (
					"DEBUG=1",
					"$(inherited)",
				);
				GCC_WARN_64_TO_32_BIT_CONVERSION = YES;
				GCC_WARN_ABOUT_RETURN_TYPE = YES_ERROR;
				GCC_WARN_UNDECLARED_SELECTOR = YES;
				GCC_WARN_UNINITIALIZED_AUTOS = YES_AGGRESSIVE;
				GCC_WARN_UNUSED_FUNCTION = YES;
				GCC_WARN_UNUSED_VARIABLE = YES;
				IPHONEOS_DEPLOYMENT_TARGET = 14.0;
				MTL_ENABLE_DEBUG_INFO = INCLUDE_SOURCE;
				MTL_FAST_MATH = YES;
				ONLY_ACTIVE_ARCH = YES;
				SDKROOT = iphoneos;
			};
			name = Debug;
		};
		8A7E3CD92515B9FF00A7C58C /* Release */ = {
			isa = XCBuildConfiguration;
			buildSettings = {
				ALWAYS_SEARCH_USER_PATHS = NO;
				CLANG_ANALYZER_NONNULL = YES;
				CLANG_ANALYZER_NUMBER_OBJECT_CONVERSION = YES_AGGRESSIVE;
				CLANG_CXX_LANGUAGE_STANDARD = "gnu++14";
				CLANG_CXX_LIBRARY = "libc++";
				CLANG_ENABLE_MODULES = YES;
				CLANG_ENABLE_OBJC_ARC = YES;
				CLANG_ENABLE_OBJC_WEAK = YES;
				CLANG_WARN_BLOCK_CAPTURE_AUTORELEASING = YES;
				CLANG_WARN_BOOL_CONVERSION = YES;
				CLANG_WARN_COMMA = YES;
				CLANG_WARN_CONSTANT_CONVERSION = YES;
				CLANG_WARN_DEPRECATED_OBJC_IMPLEMENTATIONS = YES;
				CLANG_WARN_DIRECT_OBJC_ISA_USAGE = YES_ERROR;
				CLANG_WARN_DOCUMENTATION_COMMENTS = YES;
				CLANG_WARN_EMPTY_BODY = YES;
				CLANG_WARN_ENUM_CONVERSION = YES;
				CLANG_WARN_INFINITE_RECURSION = YES;
				CLANG_WARN_INT_CONVERSION = YES;
				CLANG_WARN_NON_LITERAL_NULL_CONVERSION = YES;
				CLANG_WARN_OBJC_IMPLICIT_RETAIN_SELF = YES;
				CLANG_WARN_OBJC_LITERAL_CONVERSION = YES;
				CLANG_WARN_OBJC_ROOT_CLASS = YES_ERROR;
				CLANG_WARN_QUOTED_INCLUDE_IN_FRAMEWORK_HEADER = YES;
				CLANG_WARN_RANGE_LOOP_ANALYSIS = YES;
				CLANG_WARN_STRICT_PROTOTYPES = YES;
				CLANG_WARN_SUSPICIOUS_MOVE = YES;
				CLANG_WARN_UNGUARDED_AVAILABILITY = YES_AGGRESSIVE;
				CLANG_WARN_UNREACHABLE_CODE = YES;
				CLANG_WARN__DUPLICATE_METHOD_MATCH = YES;
				COPY_PHASE_STRIP = NO;
				DEBUG_INFORMATION_FORMAT = "dwarf-with-dsym";
				ENABLE_NS_ASSERTIONS = NO;
				ENABLE_STRICT_OBJC_MSGSEND = YES;
				GCC_C_LANGUAGE_STANDARD = gnu11;
				GCC_NO_COMMON_BLOCKS = YES;
				GCC_WARN_64_TO_32_BIT_CONVERSION = YES;
				GCC_WARN_ABOUT_RETURN_TYPE = YES_ERROR;
				GCC_WARN_UNDECLARED_SELECTOR = YES;
				GCC_WARN_UNINITIALIZED_AUTOS = YES_AGGRESSIVE;
				GCC_WARN_UNUSED_FUNCTION = YES;
				GCC_WARN_UNUSED_VARIABLE = YES;
				IPHONEOS_DEPLOYMENT_TARGET = 14.0;
				MTL_ENABLE_DEBUG_INFO = NO;
				MTL_FAST_MATH = YES;
				SDKROOT = iphoneos;
				VALIDATE_PRODUCT = YES;
			};
			name = Release;
		};
		8A7E3CDB2515B9FF00A7C58C /* Debug */ = {
			isa = XCBuildConfiguration;
			buildSettings = {
				ASSETCATALOG_COMPILER_APPICON_NAME = AppIcon;
				ASSETCATALOG_COMPILER_GLOBAL_ACCENT_COLOR_NAME = AccentColor;
				CODE_SIGN_STYLE = Automatic;
				INFOPLIST_FILE = iOSTest/Info.plist;
				LD_RUNPATH_SEARCH_PATHS = (
					"$(inherited)",
					"@executable_path/Frameworks",
				);
				PRODUCT_BUNDLE_IDENTIFIER = sxf.iOSTest;
				PRODUCT_NAME = "$(TARGET_NAME)";
				TARGETED_DEVICE_FAMILY = "1,2";
			};
			name = Debug;
		};
		8A7E3CDC2515B9FF00A7C58C /* Release */ = {
			isa = XCBuildConfiguration;
			buildSettings = {
				ASSETCATALOG_COMPILER_APPICON_NAME = AppIcon;
				ASSETCATALOG_COMPILER_GLOBAL_ACCENT_COLOR_NAME = AccentColor;
				CODE_SIGN_STYLE = Automatic;
				INFOPLIST_FILE = iOSTest/Info.plist;
				LD_RUNPATH_SEARCH_PATHS = (
					"$(inherited)",
					"@executable_path/Frameworks",
				);
				PRODUCT_BUNDLE_IDENTIFIER = sxf.iOSTest;
				PRODUCT_NAME = "$(TARGET_NAME)";
				TARGETED_DEVICE_FAMILY = "1,2";
			};
			name = Release;
		};
/* End XCBuildConfiguration section */

/* Begin XCConfigurationList section */
		8A7E3CBC2515B9FE00A7C58C /* Build configuration list for PBXProject "iOSTest" */ = {
			isa = XCConfigurationList;
			buildConfigurations = (
				8A7E3CD82515B9FF00A7C58C /* Debug */,
				8A7E3CD92515B9FF00A7C58C /* Release */,
			);
			defaultConfigurationIsVisible = 0;
			defaultConfigurationName = Release;
		};
		8A7E3CDA2515B9FF00A7C58C /* Build configuration list for PBXNativeTarget "iOSTest" */ = {
			isa = XCConfigurationList;
			buildConfigurations = (
				8A7E3CDB2515B9FF00A7C58C /* Debug */,
				8A7E3CDC2515B9FF00A7C58C /* Release */,
			);
			defaultConfigurationIsVisible = 0;
			defaultConfigurationName = Release;
		};
/* End XCConfigurationList section */
	};
	rootObject = 8A7E3CB92515B9FE00A7C58C /* Project object */;
}
